
Microsoft Visual Studio Solution File, Format Version 12.00
# Visual Studio Version 17
VisualStudioVersion = 17.1.32210.238
MinimumVisualStudioVersion = 10.0.40219.1
Project("{FAE04EC0-301F-11D3-BF4B-00C04F79EFBC}") = "DecoratorPattern", "DecoratorPattern\DecoratorPattern.csproj", "{17AE736A-43DA-442D-84EF-E50287327CEC}"
EndProject
Global
	GlobalSection(SolutionConfigurationPlatforms) = preSolution
		Debug|Any CPU = Debug|Any CPU
		Release|Any CPU = Release|Any CPU
	EndGlobalSection
	GlobalSection(ProjectConfigurationPlatforms) = postSolution
		{17AE736A-43DA-442D-84EF-E50287327CEC}.Debug|Any CPU.ActiveCfg = Debug|Any CPU
		{17AE736A-43DA-442D-84EF-E50287327CEC}.Debug|Any CPU.Build.0 = Debug|Any CPU
		{17AE736A-43DA-442D-84EF-E50287327CEC}.Release|Any CPU.ActiveCfg = Release|Any CPU
		{17AE736A-43DA-442D-84EF-E50287327CEC}.Release|Any CPU.Build.0 = Release|Any CPU
	EndGlobalSection
	GlobalSection(SolutionProperties) = preSolution
		HideSolutionNode = FALSE
	EndGlobalSection
	GlobalSection(ExtensibilityGlobals) = postSolution
		SolutionGuid = {C63E8581-C4D1-47AB-8362-A0AEDDC20A8E}
	EndGlobalSection
EndGlobal
